
Microsoft Visual Studio Solution File, Format Version 12.00
# Visual Studio Version 16
VisualStudioVersion = 16.0.30523.141
MinimumVisualStudioVersion = 10.0.40219.1
Project("{FAE04EC0-301F-11D3-BF4B-00C04F79EFBC}") = "AlertToCare", "AlertToCare.csproj", "{A8C4CCE8-2994-4782-A766-96B4B02C4C4B}"
EndProject
Project("{FAE04EC0-301F-11D3-BF4B-00C04F79EFBC}") = "Models", "..\Models\Models.csproj", "{BDBD5D48-A646-4A82-B5DD-4008E95D6477}"
EndProject
Project("{FAE04EC0-301F-11D3-BF4B-00C04F79EFBC}") = "DatabaseManager", "..\DatabaseManager\DatabaseManager.csproj", "{119E80FD-70C4-40BE-95C5-97D88628D5CA}"
EndProject
Project("{FAE04EC0-301F-11D3-BF4B-00C04F79EFBC}") = "RepositoryManager", "..\Repository\RepositoryManager.csproj", "{4069FE6D-ACA0-48E5-90D3-9030D944B399}"
EndProject
Project("{FAE04EC0-301F-11D3-BF4B-00C04F79EFBC}") = "AlertToCareTest", "..\AlertToCareTest\AlertToCareTest.csproj", "{CAFBE635-A08B-4903-84EA-D0E861648F6C}"
EndProject
Global
	GlobalSection(SolutionConfigurationPlatforms) = preSolution
		Debug|Any CPU = Debug|Any CPU
		Release|Any CPU = Release|Any CPU
	EndGlobalSection
	GlobalSection(ProjectConfigurationPlatforms) = postSolution
		{A8C4CCE8-2994-4782-A766-96B4B02C4C4B}.Debug|Any CPU.ActiveCfg = Debug|Any CPU
		{A8C4CCE8-2994-4782-A766-96B4B02C4C4B}.Debug|Any CPU.Build.0 = Debug|Any CPU
		{A8C4CCE8-2994-4782-A766-96B4B02C4C4B}.Release|Any CPU.ActiveCfg = Release|Any CPU
		{A8C4CCE8-2994-4782-A766-96B4B02C4C4B}.Release|Any CPU.Build.0 = Release|Any CPU
		{BDBD5D48-A646-4A82-B5DD-4008E95D6477}.Debug|Any CPU.ActiveCfg = Debug|Any CPU
		{BDBD5D48-A646-4A82-B5DD-4008E95D6477}.Debug|Any CPU.Build.0 = Debug|Any CPU
		{BDBD5D48-A646-4A82-B5DD-4008E95D6477}.Release|Any CPU.ActiveCfg = Release|Any CPU
		{BDBD5D48-A646-4A82-B5DD-4008E95D6477}.Release|Any CPU.Build.0 = Release|Any CPU
		{119E80FD-70C4-40BE-95C5-97D88628D5CA}.Debug|Any CPU.ActiveCfg = Debug|Any CPU
		{119E80FD-70C4-40BE-95C5-97D88628D5CA}.Debug|Any CPU.Build.0 = Debug|Any CPU
		{119E80FD-70C4-40BE-95C5-97D88628D5CA}.Release|Any CPU.ActiveCfg = Release|Any CPU
		{119E80FD-70C4-40BE-95C5-97D88628D5CA}.Release|Any CPU.Build.0 = Release|Any CPU
		{4069FE6D-ACA0-48E5-90D3-9030D944B399}.Debug|Any CPU.ActiveCfg = Debug|Any CPU
		{4069FE6D-ACA0-48E5-90D3-9030D944B399}.Debug|Any CPU.Build.0 = Debug|Any CPU
		{4069FE6D-ACA0-48E5-90D3-9030D944B399}.Release|Any CPU.ActiveCfg = Release|Any CPU
		{4069FE6D-ACA0-48E5-90D3-9030D944B399}.Release|Any CPU.Build.0 = Release|Any CPU
		{CAFBE635-A08B-4903-84EA-D0E861648F6C}.Debug|Any CPU.ActiveCfg = Debug|Any CPU
		{CAFBE635-A08B-4903-84EA-D0E861648F6C}.Debug|Any CPU.Build.0 = Debug|Any CPU
		{CAFBE635-A08B-4903-84EA-D0E861648F6C}.Release|Any CPU.ActiveCfg = Release|Any CPU
		{CAFBE635-A08B-4903-84EA-D0E861648F6C}.Release|Any CPU.Build.0 = Release|Any CPU
	EndGlobalSection
	GlobalSection(SolutionProperties) = preSolution
		HideSolutionNode = FALSE
	EndGlobalSection
	GlobalSection(ExtensibilityGlobals) = postSolution
		SolutionGuid = {BD1EB023-AF1F-4583-B591-29CC89F8E006}
	EndGlobalSection
EndGlobal
